// !$*UTF8*$!
{
	archiveVersion = 1;
	classes = {
	};
	objectVersion = 56;
	objects = {

/* Begin PBXBuildFile section */
		235042BA03BA12FC4FE0B9B3 /* Pods_Z_Zone.framework in Frameworks */ = {isa = PBXBuildFile; fileRef = D06596B732E2B242BD0588C1 /* Pods_Z_Zone.framework */; };
		252E360229C629C7006C101A /* ContactsTestClient.swift in Sources */ = {isa = PBXBuildFile; fileRef = 252E360129C629C7006C101A /* ContactsTestClient.swift */; };
		252E360429C63906006C101A /* RxBlocking.framework in Frameworks */ = {isa = PBXBuildFile; fileRef = 252E360329C63906006C101A /* RxBlocking.framework */; };
		252E473029BAA01200AD12E8 /* Main.storyboard in Resources */ = {isa = PBXBuildFile; fileRef = 252E472F29BAA01200AD12E8 /* Main.storyboard */; };
		252E473529BAA36A00AD12E8 /* Info.storyboard in Resources */ = {isa = PBXBuildFile; fileRef = 252E473429BAA36A00AD12E8 /* Info.storyboard */; };
		252E473729BAA3B000AD12E8 /* InfoViewController.swift in Sources */ = {isa = PBXBuildFile; fileRef = 252E473629BAA3B000AD12E8 /* InfoViewController.swift */; };
		252E473929BAA40500AD12E8 /* InfoNavigationController.swift in Sources */ = {isa = PBXBuildFile; fileRef = 252E473829BAA40500AD12E8 /* InfoNavigationController.swift */; };
		252E473C29BAA45B00AD12E8 /* UIViewController+Additions.swift in Sources */ = {isa = PBXBuildFile; fileRef = 252E473B29BAA45B00AD12E8 /* UIViewController+Additions.swift */; };
		252E474229BABA9800AD12E8 /* Contacts.storyboard in Resources */ = {isa = PBXBuildFile; fileRef = 252E474129BABA9800AD12E8 /* Contacts.storyboard */; };
		252E474429BABAAF00AD12E8 /* ContactsViewController.swift in Sources */ = {isa = PBXBuildFile; fileRef = 252E474329BABAAF00AD12E8 /* ContactsViewController.swift */; };
		252E474629BABAD500AD12E8 /* ContactsNavigationController.swift in Sources */ = {isa = PBXBuildFile; fileRef = 252E474529BABAD500AD12E8 /* ContactsNavigationController.swift */; };
		252E474929BABAFF00AD12E8 /* ContactsViewModel.swift in Sources */ = {isa = PBXBuildFile; fileRef = 252E474829BABAFF00AD12E8 /* ContactsViewModel.swift */; };
		25B1377329C51A74007BA6D2 /* ZLogger.swift in Sources */ = {isa = PBXBuildFile; fileRef = 25B1377229C51A74007BA6D2 /* ZLogger.swift */; };
		25B1377529C51B78007BA6D2 /* String+Additions.swift in Sources */ = {isa = PBXBuildFile; fileRef = 25B1377429C51B78007BA6D2 /* String+Additions.swift */; };
		25B1377729C53720007BA6D2 /* CNContact+Additions.swift in Sources */ = {isa = PBXBuildFile; fileRef = 25B1377629C53720007BA6D2 /* CNContact+Additions.swift */; };
		25B1377929C54804007BA6D2 /* VerticalAlignLabel.swift in Sources */ = {isa = PBXBuildFile; fileRef = 25B1377829C54804007BA6D2 /* VerticalAlignLabel.swift */; };
		25D7B9D4297364BA00C62781 /* AppDelegate.swift in Sources */ = {isa = PBXBuildFile; fileRef = 25D7B9D3297364BA00C62781 /* AppDelegate.swift */; };
		25D7B9D6297364BA00C62781 /* SceneDelegate.swift in Sources */ = {isa = PBXBuildFile; fileRef = 25D7B9D5297364BA00C62781 /* SceneDelegate.swift */; };
		25D7B9D8297364BA00C62781 /* ViewController.swift in Sources */ = {isa = PBXBuildFile; fileRef = 25D7B9D7297364BA00C62781 /* ViewController.swift */; };
		25D7B9DE297364BA00C62781 /* Z_Zone.xcdatamodeld in Sources */ = {isa = PBXBuildFile; fileRef = 25D7B9DC297364BA00C62781 /* Z_Zone.xcdatamodeld */; };
		25D7B9E0297364BD00C62781 /* Assets.xcassets in Resources */ = {isa = PBXBuildFile; fileRef = 25D7B9DF297364BD00C62781 /* Assets.xcassets */; };
		25D7B9E3297364BD00C62781 /* LaunchScreen.storyboard in Resources */ = {isa = PBXBuildFile; fileRef = 25D7B9E1297364BD00C62781 /* LaunchScreen.storyboard */; };
		25D7B9EE297364BD00C62781 /* ContactsViewModelTests.swift in Sources */ = {isa = PBXBuildFile; fileRef = 25D7B9ED297364BD00C62781 /* ContactsViewModelTests.swift */; };
		25D7B9F8297364BD00C62781 /* Z_ZoneUITests.swift in Sources */ = {isa = PBXBuildFile; fileRef = 25D7B9F7297364BD00C62781 /* Z_ZoneUITests.swift */; };
		25D7B9FA297364BD00C62781 /* Z_ZoneUITestsLaunchTests.swift in Sources */ = {isa = PBXBuildFile; fileRef = 25D7B9F9297364BD00C62781 /* Z_ZoneUITestsLaunchTests.swift */; };
		25EFD6EB29BC5DFA00F816B5 /* ContactsClient.swift in Sources */ = {isa = PBXBuildFile; fileRef = 25EFD6EA29BC5DFA00F816B5 /* ContactsClient.swift */; };
		25EFD6EE29BC687200F816B5 /* ContactModel.swift in Sources */ = {isa = PBXBuildFile; fileRef = 25EFD6ED29BC687200F816B5 /* ContactModel.swift */; };
		25EFD6F029BC6D6C00F816B5 /* ZStyleTableViewCell.swift in Sources */ = {isa = PBXBuildFile; fileRef = 25EFD6EF29BC6D6C00F816B5 /* ZStyleTableViewCell.swift */; };
		25EFD6F229BC6D8600F816B5 /* RawStyleTableViewCell.swift in Sources */ = {isa = PBXBuildFile; fileRef = 25EFD6F129BC6D8600F816B5 /* RawStyleTableViewCell.swift */; };
		25EFD6F429BC737500F816B5 /* Array+Additions.swift in Sources */ = {isa = PBXBuildFile; fileRef = 25EFD6F329BC737500F816B5 /* Array+Additions.swift */; };
		25EFD6F829BC77EC00F816B5 /* NSAttributedString+Additions.swift in Sources */ = {isa = PBXBuildFile; fileRef = 25EFD6F729BC77EC00F816B5 /* NSAttributedString+Additions.swift */; };
		25F7BAD829D5606C005817D4 /* Almarai-Regular.ttf in Resources */ = {isa = PBXBuildFile; fileRef = 25F7BAD129D5606B005817D4 /* Almarai-Regular.ttf */; };
		25F7BAD929D5606C005817D4 /* Almarai-ExtraBold.ttf in Resources */ = {isa = PBXBuildFile; fileRef = 25F7BAD229D5606B005817D4 /* Almarai-ExtraBold.ttf */; };
		25F7BADA29D5606C005817D4 /* TitanOne-Regular.ttf in Resources */ = {isa = PBXBuildFile; fileRef = 25F7BAD329D5606B005817D4 /* TitanOne-Regular.ttf */; };
		25F7BADB29D5606C005817D4 /* Almarai-Light.ttf in Resources */ = {isa = PBXBuildFile; fileRef = 25F7BAD429D5606B005817D4 /* Almarai-Light.ttf */; };
		25F7BADC29D5606C005817D4 /* Righteous-Regular.ttf in Resources */ = {isa = PBXBuildFile; fileRef = 25F7BAD529D5606B005817D4 /* Righteous-Regular.ttf */; };
		25F7BADD29D5606C005817D4 /* Almarai-Bold.ttf in Resources */ = {isa = PBXBuildFile; fileRef = 25F7BAD629D5606C005817D4 /* Almarai-Bold.ttf */; };
		25F7BADE29D5606C005817D4 /* Murecho-VariableFont_wght.ttf in Resources */ = {isa = PBXBuildFile; fileRef = 25F7BAD729D5606C005817D4 /* Murecho-VariableFont_wght.ttf */; };
		25F7BAE029D5609A005817D4 /* UIFont+ZFonts.swift in Sources */ = {isa = PBXBuildFile; fileRef = 25F7BADF29D5609A005817D4 /* UIFont+ZFonts.swift */; };
		25F7BAE229D56693005817D4 /* UIColor+ZColors.swift in Sources */ = {isa = PBXBuildFile; fileRef = 25F7BAE129D56693005817D4 /* UIColor+ZColors.swift */; };
		E3CF0E670D9A0FA1ECE5A78B /* Pods_Z_ZoneTests.framework in Frameworks */ = {isa = PBXBuildFile; fileRef = BBAFAE9E0590415F8B573FB6 /* Pods_Z_ZoneTests.framework */; };
/* End PBXBuildFile section */

/* Begin PBXContainerItemProxy section */
		25D7B9EA297364BD00C62781 /* PBXContainerItemProxy */ = {
			isa = PBXContainerItemProxy;
			containerPortal = 25D7B9C8297364BA00C62781 /* Project object */;
			proxyType = 1;
			remoteGlobalIDString = 25D7B9CF297364BA00C62781;
			remoteInfo = "Z-Zone";
		};
		25D7B9F4297364BD00C62781 /* PBXContainerItemProxy */ = {
			isa = PBXContainerItemProxy;
			containerPortal = 25D7B9C8297364BA00C62781 /* Project object */;
			proxyType = 1;
			remoteGlobalIDString = 25D7B9CF297364BA00C62781;
			remoteInfo = "Z-Zone";
		};
/* End PBXContainerItemProxy section */

/* Begin PBXFileReference section */
		252E360129C629C7006C101A /* ContactsTestClient.swift */ = {isa = PBXFileReference; lastKnownFileType = sourcecode.swift; path = ContactsTestClient.swift; sourceTree = "<group>"; };
		252E360329C63906006C101A /* RxBlocking.framework */ = {isa = PBXFileReference; explicitFileType = wrapper.framework; path = RxBlocking.framework; sourceTree = BUILT_PRODUCTS_DIR; };
		252E472F29BAA01200AD12E8 /* Main.storyboard */ = {isa = PBXFileReference; lastKnownFileType = file.storyboard; path = Main.storyboard; sourceTree = "<group>"; };
		252E473429BAA36A00AD12E8 /* Info.storyboard */ = {isa = PBXFileReference; lastKnownFileType = file.storyboard; path = Info.storyboard; sourceTree = "<group>"; };
		252E473629BAA3B000AD12E8 /* InfoViewController.swift */ = {isa = PBXFileReference; lastKnownFileType = sourcecode.swift; path = InfoViewController.swift; sourceTree = "<group>"; };
		252E473829BAA40500AD12E8 /* InfoNavigationController.swift */ = {isa = PBXFileReference; lastKnownFileType = sourcecode.swift; path = InfoNavigationController.swift; sourceTree = "<group>"; };
		252E473B29BAA45B00AD12E8 /* UIViewController+Additions.swift */ = {isa = PBXFileReference; lastKnownFileType = sourcecode.swift; path = "UIViewController+Additions.swift"; sourceTree = "<group>"; };
		252E474129BABA9800AD12E8 /* Contacts.storyboard */ = {isa = PBXFileReference; lastKnownFileType = file.storyboard; path = Contacts.storyboard; sourceTree = "<group>"; };
		252E474329BABAAF00AD12E8 /* ContactsViewController.swift */ = {isa = PBXFileReference; lastKnownFileType = sourcecode.swift; path = ContactsViewController.swift; sourceTree = "<group>"; };
		252E474529BABAD500AD12E8 /* ContactsNavigationController.swift */ = {isa = PBXFileReference; lastKnownFileType = sourcecode.swift; path = ContactsNavigationController.swift; sourceTree = "<group>"; };
		252E474829BABAFF00AD12E8 /* ContactsViewModel.swift */ = {isa = PBXFileReference; lastKnownFileType = sourcecode.swift; path = ContactsViewModel.swift; sourceTree = "<group>"; };
		25B1377229C51A74007BA6D2 /* ZLogger.swift */ = {isa = PBXFileReference; lastKnownFileType = sourcecode.swift; path = ZLogger.swift; sourceTree = "<group>"; };
		25B1377429C51B78007BA6D2 /* String+Additions.swift */ = {isa = PBXFileReference; lastKnownFileType = sourcecode.swift; path = "String+Additions.swift"; sourceTree = "<group>"; };
		25B1377629C53720007BA6D2 /* CNContact+Additions.swift */ = {isa = PBXFileReference; lastKnownFileType = sourcecode.swift; path = "CNContact+Additions.swift"; sourceTree = "<group>"; };
		25B1377829C54804007BA6D2 /* VerticalAlignLabel.swift */ = {isa = PBXFileReference; lastKnownFileType = sourcecode.swift; path = VerticalAlignLabel.swift; sourceTree = "<group>"; };
		25D7B9D0297364BA00C62781 /* Z-Zone.app */ = {isa = PBXFileReference; explicitFileType = wrapper.application; includeInIndex = 0; path = "Z-Zone.app"; sourceTree = BUILT_PRODUCTS_DIR; };
		25D7B9D3297364BA00C62781 /* AppDelegate.swift */ = {isa = PBXFileReference; lastKnownFileType = sourcecode.swift; path = AppDelegate.swift; sourceTree = "<group>"; };
		25D7B9D5297364BA00C62781 /* SceneDelegate.swift */ = {isa = PBXFileReference; lastKnownFileType = sourcecode.swift; path = SceneDelegate.swift; sourceTree = "<group>"; };
		25D7B9D7297364BA00C62781 /* ViewController.swift */ = {isa = PBXFileReference; lastKnownFileType = sourcecode.swift; path = ViewController.swift; sourceTree = "<group>"; };
		25D7B9DD297364BA00C62781 /* Z_Zone.xcdatamodel */ = {isa = PBXFileReference; lastKnownFileType = wrapper.xcdatamodel; path = Z_Zone.xcdatamodel; sourceTree = "<group>"; };
		25D7B9DF297364BD00C62781 /* Assets.xcassets */ = {isa = PBXFileReference; lastKnownFileType = folder.assetcatalog; path = Assets.xcassets; sourceTree = "<group>"; };
		25D7B9E2297364BD00C62781 /* Base */ = {isa = PBXFileReference; lastKnownFileType = file.storyboard; name = Base; path = Base.lproj/LaunchScreen.storyboard; sourceTree = "<group>"; };
		25D7B9E4297364BD00C62781 /* Info.plist */ = {isa = PBXFileReference; lastKnownFileType = text.plist.xml; path = Info.plist; sourceTree = "<group>"; };
		25D7B9E9297364BD00C62781 /* Z-ZoneTests.xctest */ = {isa = PBXFileReference; explicitFileType = wrapper.cfbundle; includeInIndex = 0; path = "Z-ZoneTests.xctest"; sourceTree = BUILT_PRODUCTS_DIR; };
		25D7B9ED297364BD00C62781 /* ContactsViewModelTests.swift */ = {isa = PBXFileReference; lastKnownFileType = sourcecode.swift; path = ContactsViewModelTests.swift; sourceTree = "<group>"; };
		25D7B9F3297364BD00C62781 /* Z-ZoneUITests.xctest */ = {isa = PBXFileReference; explicitFileType = wrapper.cfbundle; includeInIndex = 0; path = "Z-ZoneUITests.xctest"; sourceTree = BUILT_PRODUCTS_DIR; };
		25D7B9F7297364BD00C62781 /* Z_ZoneUITests.swift */ = {isa = PBXFileReference; lastKnownFileType = sourcecode.swift; path = Z_ZoneUITests.swift; sourceTree = "<group>"; };
		25D7B9F9297364BD00C62781 /* Z_ZoneUITestsLaunchTests.swift */ = {isa = PBXFileReference; lastKnownFileType = sourcecode.swift; path = Z_ZoneUITestsLaunchTests.swift; sourceTree = "<group>"; };
		25EFD6EA29BC5DFA00F816B5 /* ContactsClient.swift */ = {isa = PBXFileReference; lastKnownFileType = sourcecode.swift; path = ContactsClient.swift; sourceTree = "<group>"; };
		25EFD6ED29BC687200F816B5 /* ContactModel.swift */ = {isa = PBXFileReference; lastKnownFileType = sourcecode.swift; path = ContactModel.swift; sourceTree = "<group>"; };
		25EFD6EF29BC6D6C00F816B5 /* ZStyleTableViewCell.swift */ = {isa = PBXFileReference; lastKnownFileType = sourcecode.swift; path = ZStyleTableViewCell.swift; sourceTree = "<group>"; };
		25EFD6F129BC6D8600F816B5 /* RawStyleTableViewCell.swift */ = {isa = PBXFileReference; lastKnownFileType = sourcecode.swift; path = RawStyleTableViewCell.swift; sourceTree = "<group>"; };
		25EFD6F329BC737500F816B5 /* Array+Additions.swift */ = {isa = PBXFileReference; lastKnownFileType = sourcecode.swift; path = "Array+Additions.swift"; sourceTree = "<group>"; };
		25EFD6F729BC77EC00F816B5 /* NSAttributedString+Additions.swift */ = {isa = PBXFileReference; lastKnownFileType = sourcecode.swift; path = "NSAttributedString+Additions.swift"; sourceTree = "<group>"; };
		25F7BAD129D5606B005817D4 /* Almarai-Regular.ttf */ = {isa = PBXFileReference; lastKnownFileType = file; path = "Almarai-Regular.ttf"; sourceTree = "<group>"; };
		25F7BAD229D5606B005817D4 /* Almarai-ExtraBold.ttf */ = {isa = PBXFileReference; lastKnownFileType = file; path = "Almarai-ExtraBold.ttf"; sourceTree = "<group>"; };
		25F7BAD329D5606B005817D4 /* TitanOne-Regular.ttf */ = {isa = PBXFileReference; lastKnownFileType = file; path = "TitanOne-Regular.ttf"; sourceTree = "<group>"; };
		25F7BAD429D5606B005817D4 /* Almarai-Light.ttf */ = {isa = PBXFileReference; lastKnownFileType = file; path = "Almarai-Light.ttf"; sourceTree = "<group>"; };
		25F7BAD529D5606B005817D4 /* Righteous-Regular.ttf */ = {isa = PBXFileReference; lastKnownFileType = file; path = "Righteous-Regular.ttf"; sourceTree = "<group>"; };
		25F7BAD629D5606C005817D4 /* Almarai-Bold.ttf */ = {isa = PBXFileReference; lastKnownFileType = file; path = "Almarai-Bold.ttf"; sourceTree = "<group>"; };
		25F7BAD729D5606C005817D4 /* Murecho-VariableFont_wght.ttf */ = {isa = PBXFileReference; lastKnownFileType = file; path = "Murecho-VariableFont_wght.ttf"; sourceTree = "<group>"; };
		25F7BADF29D5609A005817D4 /* UIFont+ZFonts.swift */ = {isa = PBXFileReference; lastKnownFileType = sourcecode.swift; path = "UIFont+ZFonts.swift"; sourceTree = "<group>"; };
		25F7BAE129D56693005817D4 /* UIColor+ZColors.swift */ = {isa = PBXFileReference; lastKnownFileType = sourcecode.swift; path = "UIColor+ZColors.swift"; sourceTree = "<group>"; };
		33FFDA42B31F31A196B8FAF7 /* Pods-Z-Zone.debug.xcconfig */ = {isa = PBXFileReference; includeInIndex = 1; lastKnownFileType = text.xcconfig; name = "Pods-Z-Zone.debug.xcconfig"; path = "Target Support Files/Pods-Z-Zone/Pods-Z-Zone.debug.xcconfig"; sourceTree = "<group>"; };
		5E7C063C87F7103C80C07E56 /* Pods-Z-Zone.release.xcconfig */ = {isa = PBXFileReference; includeInIndex = 1; lastKnownFileType = text.xcconfig; name = "Pods-Z-Zone.release.xcconfig"; path = "Target Support Files/Pods-Z-Zone/Pods-Z-Zone.release.xcconfig"; sourceTree = "<group>"; };
		B21B4FAB6F0DE46244B254F1 /* Pods-Z-ZoneTests.release.xcconfig */ = {isa = PBXFileReference; includeInIndex = 1; lastKnownFileType = text.xcconfig; name = "Pods-Z-ZoneTests.release.xcconfig"; path = "Target Support Files/Pods-Z-ZoneTests/Pods-Z-ZoneTests.release.xcconfig"; sourceTree = "<group>"; };
		B8A231812A4C3F8B6AFB6683 /* Pods-Z-ZoneTests.debug.xcconfig */ = {isa = PBXFileReference; includeInIndex = 1; lastKnownFileType = text.xcconfig; name = "Pods-Z-ZoneTests.debug.xcconfig"; path = "Target Support Files/Pods-Z-ZoneTests/Pods-Z-ZoneTests.debug.xcconfig"; sourceTree = "<group>"; };
		BBAFAE9E0590415F8B573FB6 /* Pods_Z_ZoneTests.framework */ = {isa = PBXFileReference; explicitFileType = wrapper.framework; includeInIndex = 0; path = Pods_Z_ZoneTests.framework; sourceTree = BUILT_PRODUCTS_DIR; };
		D06596B732E2B242BD0588C1 /* Pods_Z_Zone.framework */ = {isa = PBXFileReference; explicitFileType = wrapper.framework; includeInIndex = 0; path = Pods_Z_Zone.framework; sourceTree = BUILT_PRODUCTS_DIR; };
/* End PBXFileReference section */

/* Begin PBXFrameworksBuildPhase section */
		25D7B9CD297364BA00C62781 /* Frameworks */ = {
			isa = PBXFrameworksBuildPhase;
			buildActionMask = 2147483647;
			files = (
				235042BA03BA12FC4FE0B9B3 /* Pods_Z_Zone.framework in Frameworks */,
			);
			runOnlyForDeploymentPostprocessing = 0;
		};
		25D7B9E6297364BD00C62781 /* Frameworks */ = {
			isa = PBXFrameworksBuildPhase;
			buildActionMask = 2147483647;
			files = (
				252E360429C63906006C101A /* RxBlocking.framework in Frameworks */,
				E3CF0E670D9A0FA1ECE5A78B /* Pods_Z_ZoneTests.framework in Frameworks */,
			);
			runOnlyForDeploymentPostprocessing = 0;
		};
		25D7B9F0297364BD00C62781 /* Frameworks */ = {
			isa = PBXFrameworksBuildPhase;
			buildActionMask = 2147483647;
			files = (
			);
			runOnlyForDeploymentPostprocessing = 0;
		};
/* End PBXFrameworksBuildPhase section */

/* Begin PBXGroup section */
		252E473129BAA33E00AD12E8 /* Contacts */ = {
			isa = PBXGroup;
			children = (
				25EFD6EC29BC686300F816B5 /* Model */,
				252E473E29BABA5F00AD12E8 /* View */,
				252E474729BABAE600AD12E8 /* ViewModel */,
				25EFD6EA29BC5DFA00F816B5 /* ContactsClient.swift */,
			);
			path = Contacts;
			sourceTree = "<group>";
		};
		252E473229BAA34800AD12E8 /* Info */ = {
			isa = PBXGroup;
			children = (
				252E473329BAA35C00AD12E8 /* View */,
			);
			path = Info;
			sourceTree = "<group>";
		};
		252E473329BAA35C00AD12E8 /* View */ = {
			isa = PBXGroup;
			children = (
				252E473429BAA36A00AD12E8 /* Info.storyboard */,
				252E473629BAA3B000AD12E8 /* InfoViewController.swift */,
				252E473829BAA40500AD12E8 /* InfoNavigationController.swift */,
			);
			path = View;
			sourceTree = "<group>";
		};
		252E473A29BAA43D00AD12E8 /* Extensions */ = {
			isa = PBXGroup;
			children = (
				25EFD6F329BC737500F816B5 /* Array+Additions.swift */,
				25EFD6F729BC77EC00F816B5 /* NSAttributedString+Additions.swift */,
				25B1377429C51B78007BA6D2 /* String+Additions.swift */,
				252E473B29BAA45B00AD12E8 /* UIViewController+Additions.swift */,
				25B1377629C53720007BA6D2 /* CNContact+Additions.swift */,
				25F7BADF29D5609A005817D4 /* UIFont+ZFonts.swift */,
				25F7BAE129D56693005817D4 /* UIColor+ZColors.swift */,
			);
			path = Extensions;
			sourceTree = "<group>";
		};
		252E473D29BAA52900AD12E8 /* Core */ = {
			isa = PBXGroup;
			children = (
				25D7B9DF297364BD00C62781 /* Assets.xcassets */,
				25D7B9DC297364BA00C62781 /* Z_Zone.xcdatamodeld */,
				25D7B9E1297364BD00C62781 /* LaunchScreen.storyboard */,
				25D7B9D3297364BA00C62781 /* AppDelegate.swift */,
				25D7B9D5297364BA00C62781 /* SceneDelegate.swift */,
				252E472F29BAA01200AD12E8 /* Main.storyboard */,
			);
			path = Core;
			sourceTree = "<group>";
		};
		252E473E29BABA5F00AD12E8 /* View */ = {
			isa = PBXGroup;
			children = (
				252E474129BABA9800AD12E8 /* Contacts.storyboard */,
				252E474329BABAAF00AD12E8 /* ContactsViewController.swift */,
				252E474529BABAD500AD12E8 /* ContactsNavigationController.swift */,
				25EFD6EF29BC6D6C00F816B5 /* ZStyleTableViewCell.swift */,
				25EFD6F129BC6D8600F816B5 /* RawStyleTableViewCell.swift */,
			);
			path = View;
			sourceTree = "<group>";
		};
		252E474729BABAE600AD12E8 /* ViewModel */ = {
			isa = PBXGroup;
			children = (
				252E474829BABAFF00AD12E8 /* ContactsViewModel.swift */,
			);
			path = ViewModel;
			sourceTree = "<group>";
		};
		25B1377129C51A0B007BA6D2 /* Utility */ = {
			isa = PBXGroup;
			children = (
				25B1377229C51A74007BA6D2 /* ZLogger.swift */,
				25B1377829C54804007BA6D2 /* VerticalAlignLabel.swift */,
			);
			path = Utility;
			sourceTree = "<group>";
		};
		25D7B9C7297364BA00C62781 = {
			isa = PBXGroup;
			children = (
				25D7B9D2297364BA00C62781 /* Z-Zone */,
				25D7B9EC297364BD00C62781 /* Z-ZoneTests */,
				25D7B9F6297364BD00C62781 /* Z-ZoneUITests */,
				25D7B9D1297364BA00C62781 /* Products */,
				5B3CD226E05C450F817203CE /* Pods */,
				3A65D9488561052D8088DEB2 /* Frameworks */,
			);
			sourceTree = "<group>";
		};
		25D7B9D1297364BA00C62781 /* Products */ = {
			isa = PBXGroup;
			children = (
				25D7B9D0297364BA00C62781 /* Z-Zone.app */,
				25D7B9E9297364BD00C62781 /* Z-ZoneTests.xctest */,
				25D7B9F3297364BD00C62781 /* Z-ZoneUITests.xctest */,
			);
			name = Products;
			sourceTree = "<group>";
		};
		25D7B9D2297364BA00C62781 /* Z-Zone */ = {
			isa = PBXGroup;
			children = (
				252E473129BAA33E00AD12E8 /* Contacts */,
				252E473D29BAA52900AD12E8 /* Core */,
				252E473A29BAA43D00AD12E8 /* Extensions */,
				25F7BAD029D55FA9005817D4 /* Fonts */,
				252E473229BAA34800AD12E8 /* Info */,
				25D7B9D7297364BA00C62781 /* ViewController.swift */,
				25D7B9E4297364BD00C62781 /* Info.plist */,
				25B1377129C51A0B007BA6D2 /* Utility */,
			);
			path = "Z-Zone";
			sourceTree = "<group>";
		};
		25D7B9EC297364BD00C62781 /* Z-ZoneTests */ = {
			isa = PBXGroup;
			children = (
				25D7B9ED297364BD00C62781 /* ContactsViewModelTests.swift */,
				252E360129C629C7006C101A /* ContactsTestClient.swift */,
			);
			path = "Z-ZoneTests";
			sourceTree = "<group>";
		};
		25D7B9F6297364BD00C62781 /* Z-ZoneUITests */ = {
			isa = PBXGroup;
			children = (
				25D7B9F7297364BD00C62781 /* Z_ZoneUITests.swift */,
				25D7B9F9297364BD00C62781 /* Z_ZoneUITestsLaunchTests.swift */,
			);
			path = "Z-ZoneUITests";
			sourceTree = "<group>";
		};
		25EFD6EC29BC686300F816B5 /* Model */ = {
			isa = PBXGroup;
			children = (
				25EFD6ED29BC687200F816B5 /* ContactModel.swift */,
			);
			path = Model;
			sourceTree = "<group>";
		};
		25F7BAD029D55FA9005817D4 /* Fonts */ = {
			isa = PBXGroup;
			children = (
				25F7BAD629D5606C005817D4 /* Almarai-Bold.ttf */,
				25F7BAD229D5606B005817D4 /* Almarai-ExtraBold.ttf */,
				25F7BAD429D5606B005817D4 /* Almarai-Light.ttf */,
				25F7BAD129D5606B005817D4 /* Almarai-Regular.ttf */,
				25F7BAD729D5606C005817D4 /* Murecho-VariableFont_wght.ttf */,
				25F7BAD529D5606B005817D4 /* Righteous-Regular.ttf */,
				25F7BAD329D5606B005817D4 /* TitanOne-Regular.ttf */,
			);
			path = Fonts;
			sourceTree = "<group>";
		};
		3A65D9488561052D8088DEB2 /* Frameworks */ = {
			isa = PBXGroup;
			children = (
				252E360329C63906006C101A /* RxBlocking.framework */,
				D06596B732E2B242BD0588C1 /* Pods_Z_Zone.framework */,
				BBAFAE9E0590415F8B573FB6 /* Pods_Z_ZoneTests.framework */,
			);
			name = Frameworks;
			sourceTree = "<group>";
		};
		5B3CD226E05C450F817203CE /* Pods */ = {
			isa = PBXGroup;
			children = (
				33FFDA42B31F31A196B8FAF7 /* Pods-Z-Zone.debug.xcconfig */,
				5E7C063C87F7103C80C07E56 /* Pods-Z-Zone.release.xcconfig */,
				B8A231812A4C3F8B6AFB6683 /* Pods-Z-ZoneTests.debug.xcconfig */,
				B21B4FAB6F0DE46244B254F1 /* Pods-Z-ZoneTests.release.xcconfig */,
			);
			path = Pods;
			sourceTree = "<group>";
		};
/* End PBXGroup section */

/* Begin PBXNativeTarget section */
		25D7B9CF297364BA00C62781 /* Z-Zone */ = {
			isa = PBXNativeTarget;
			buildConfigurationList = 25D7B9FD297364BD00C62781 /* Build configuration list for PBXNativeTarget "Z-Zone" */;
			buildPhases = (
				B0FDD89A3AECD1240516D9E3 /* [CP] Check Pods Manifest.lock */,
				25D7B9CC297364BA00C62781 /* Sources */,
				25D7B9CD297364BA00C62781 /* Frameworks */,
				25D7B9CE297364BA00C62781 /* Resources */,
				FF18CFF55F798794D88C25B6 /* [CP] Embed Pods Frameworks */,
			);
			buildRules = (
			);
			dependencies = (
			);
			name = "Z-Zone";
			productName = "Z-Zone";
			productReference = 25D7B9D0297364BA00C62781 /* Z-Zone.app */;
			productType = "com.apple.product-type.application";
		};
		25D7B9E8297364BD00C62781 /* Z-ZoneTests */ = {
			isa = PBXNativeTarget;
			buildConfigurationList = 25D7BA00297364BD00C62781 /* Build configuration list for PBXNativeTarget "Z-ZoneTests" */;
			buildPhases = (
				A619AF87F9571625DBF324B0 /* [CP] Check Pods Manifest.lock */,
				25D7B9E5297364BD00C62781 /* Sources */,
				25D7B9E6297364BD00C62781 /* Frameworks */,
				25D7B9E7297364BD00C62781 /* Resources */,
				E9B0667BA2F67EDE855ED00B /* [CP] Embed Pods Frameworks */,
			);
			buildRules = (
			);
			dependencies = (
				25D7B9EB297364BD00C62781 /* PBXTargetDependency */,
			);
			name = "Z-ZoneTests";
			productName = "Z-ZoneTests";
			productReference = 25D7B9E9297364BD00C62781 /* Z-ZoneTests.xctest */;
			productType = "com.apple.product-type.bundle.unit-test";
		};
		25D7B9F2297364BD00C62781 /* Z-ZoneUITests */ = {
			isa = PBXNativeTarget;
			buildConfigurationList = 25D7BA03297364BD00C62781 /* Build configuration list for PBXNativeTarget "Z-ZoneUITests" */;
			buildPhases = (
				25D7B9EF297364BD00C62781 /* Sources */,
				25D7B9F0297364BD00C62781 /* Frameworks */,
				25D7B9F1297364BD00C62781 /* Resources */,
			);
			buildRules = (
			);
			dependencies = (
				25D7B9F5297364BD00C62781 /* PBXTargetDependency */,
			);
			name = "Z-ZoneUITests";
			productName = "Z-ZoneUITests";
			productReference = 25D7B9F3297364BD00C62781 /* Z-ZoneUITests.xctest */;
			productType = "com.apple.product-type.bundle.ui-testing";
		};
/* End PBXNativeTarget section */

/* Begin PBXProject section */
		25D7B9C8297364BA00C62781 /* Project object */ = {
			isa = PBXProject;
			attributes = {
				BuildIndependentTargetsInParallel = 1;
				LastSwiftUpdateCheck = 1420;
				LastUpgradeCheck = 1420;
				TargetAttributes = {
					25D7B9CF297364BA00C62781 = {
						CreatedOnToolsVersion = 14.2;
					};
					25D7B9E8297364BD00C62781 = {
						CreatedOnToolsVersion = 14.2;
						TestTargetID = 25D7B9CF297364BA00C62781;
					};
					25D7B9F2297364BD00C62781 = {
						CreatedOnToolsVersion = 14.2;
						TestTargetID = 25D7B9CF297364BA00C62781;
					};
				};
			};
			buildConfigurationList = 25D7B9CB297364BA00C62781 /* Build configuration list for PBXProject "Z-Zone" */;
			compatibilityVersion = "Xcode 14.0";
			developmentRegion = en;
			hasScannedForEncodings = 0;
			knownRegions = (
				en,
				Base,
			);
			mainGroup = 25D7B9C7297364BA00C62781;
			productRefGroup = 25D7B9D1297364BA00C62781 /* Products */;
			projectDirPath = "";
			projectRoot = "";
			targets = (
				25D7B9CF297364BA00C62781 /* Z-Zone */,
				25D7B9E8297364BD00C62781 /* Z-ZoneTests */,
				25D7B9F2297364BD00C62781 /* Z-ZoneUITests */,
			);
		};
/* End PBXProject section */

/* Begin PBXResourcesBuildPhase section */
		25D7B9CE297364BA00C62781 /* Resources */ = {
			isa = PBXResourcesBuildPhase;
			buildActionMask = 2147483647;
			files = (
				252E473029BAA01200AD12E8 /* Main.storyboard in Resources */,
				25F7BADA29D5606C005817D4 /* TitanOne-Regular.ttf in Resources */,
				25F7BADC29D5606C005817D4 /* Righteous-Regular.ttf in Resources */,
				25F7BAD929D5606C005817D4 /* Almarai-ExtraBold.ttf in Resources */,
				25D7B9E3297364BD00C62781 /* LaunchScreen.storyboard in Resources */,
				25F7BADD29D5606C005817D4 /* Almarai-Bold.ttf in Resources */,
				25F7BADB29D5606C005817D4 /* Almarai-Light.ttf in Resources */,
				252E474229BABA9800AD12E8 /* Contacts.storyboard in Resources */,
				252E473529BAA36A00AD12E8 /* Info.storyboard in Resources */,
				25D7B9E0297364BD00C62781 /* Assets.xcassets in Resources */,
				25F7BAD829D5606C005817D4 /* Almarai-Regular.ttf in Resources */,
				25F7BADE29D5606C005817D4 /* Murecho-VariableFont_wght.ttf in Resources */,
			);
			runOnlyForDeploymentPostprocessing = 0;
		};
		25D7B9E7297364BD00C62781 /* Resources */ = {
			isa = PBXResourcesBuildPhase;
			buildActionMask = 2147483647;
			files = (
			);
			runOnlyForDeploymentPostprocessing = 0;
		};
		25D7B9F1297364BD00C62781 /* Resources */ = {
			isa = PBXResourcesBuildPhase;
			buildActionMask = 2147483647;
			files = (
			);
			runOnlyForDeploymentPostprocessing = 0;
		};
/* End PBXResourcesBuildPhase section */

/* Begin PBXShellScriptBuildPhase section */
		A619AF87F9571625DBF324B0 /* [CP] Check Pods Manifest.lock */ = {
			isa = PBXShellScriptBuildPhase;
			buildActionMask = 2147483647;
			files = (
			);
			inputFileListPaths = (
			);
			inputPaths = (
				"${PODS_PODFILE_DIR_PATH}/Podfile.lock",
				"${PODS_ROOT}/Manifest.lock",
			);
			name = "[CP] Check Pods Manifest.lock";
			outputFileListPaths = (
			);
			outputPaths = (
				"$(DERIVED_FILE_DIR)/Pods-Z-ZoneTests-checkManifestLockResult.txt",
			);
			runOnlyForDeploymentPostprocessing = 0;
			shellPath = /bin/sh;
			shellScript = "diff \"${PODS_PODFILE_DIR_PATH}/Podfile.lock\" \"${PODS_ROOT}/Manifest.lock\" > /dev/null\nif [ $? != 0 ] ; then\n    # print error to STDERR\n    echo \"error: The sandbox is not in sync with the Podfile.lock. Run 'pod install' or update your CocoaPods installation.\" >&2\n    exit 1\nfi\n# This output is used by Xcode 'outputs' to avoid re-running this script phase.\necho \"SUCCESS\" > \"${SCRIPT_OUTPUT_FILE_0}\"\n";
			showEnvVarsInLog = 0;
		};
		B0FDD89A3AECD1240516D9E3 /* [CP] Check Pods Manifest.lock */ = {
			isa = PBXShellScriptBuildPhase;
			buildActionMask = 2147483647;
			files = (
			);
			inputFileListPaths = (
			);
			inputPaths = (
				"${PODS_PODFILE_DIR_PATH}/Podfile.lock",
				"${PODS_ROOT}/Manifest.lock",
			);
			name = "[CP] Check Pods Manifest.lock";
			outputFileListPaths = (
			);
			outputPaths = (
				"$(DERIVED_FILE_DIR)/Pods-Z-Zone-checkManifestLockResult.txt",
			);
			runOnlyForDeploymentPostprocessing = 0;
			shellPath = /bin/sh;
			shellScript = "diff \"${PODS_PODFILE_DIR_PATH}/Podfile.lock\" \"${PODS_ROOT}/Manifest.lock\" > /dev/null\nif [ $? != 0 ] ; then\n    # print error to STDERR\n    echo \"error: The sandbox is not in sync with the Podfile.lock. Run 'pod install' or update your CocoaPods installation.\" >&2\n    exit 1\nfi\n# This output is used by Xcode 'outputs' to avoid re-running this script phase.\necho \"SUCCESS\" > \"${SCRIPT_OUTPUT_FILE_0}\"\n";
			showEnvVarsInLog = 0;
		};
		E9B0667BA2F67EDE855ED00B /* [CP] Embed Pods Frameworks */ = {
			isa = PBXShellScriptBuildPhase;
			buildActionMask = 2147483647;
			files = (
			);
			inputFileListPaths = (
				"${PODS_ROOT}/Target Support Files/Pods-Z-ZoneTests/Pods-Z-ZoneTests-frameworks-${CONFIGURATION}-input-files.xcfilelist",
			);
			name = "[CP] Embed Pods Frameworks";
			outputFileListPaths = (
				"${PODS_ROOT}/Target Support Files/Pods-Z-ZoneTests/Pods-Z-ZoneTests-frameworks-${CONFIGURATION}-output-files.xcfilelist",
			);
			runOnlyForDeploymentPostprocessing = 0;
			shellPath = /bin/sh;
			shellScript = "\"${PODS_ROOT}/Target Support Files/Pods-Z-ZoneTests/Pods-Z-ZoneTests-frameworks.sh\"\n";
			showEnvVarsInLog = 0;
		};
		FF18CFF55F798794D88C25B6 /* [CP] Embed Pods Frameworks */ = {
			isa = PBXShellScriptBuildPhase;
			buildActionMask = 2147483647;
			files = (
			);
			inputFileListPaths = (
				"${PODS_ROOT}/Target Support Files/Pods-Z-Zone/Pods-Z-Zone-frameworks-${CONFIGURATION}-input-files.xcfilelist",
			);
			name = "[CP] Embed Pods Frameworks";
			outputFileListPaths = (
				"${PODS_ROOT}/Target Support Files/Pods-Z-Zone/Pods-Z-Zone-frameworks-${CONFIGURATION}-output-files.xcfilelist",
			);
			runOnlyForDeploymentPostprocessing = 0;
			shellPath = /bin/sh;
			shellScript = "\"${PODS_ROOT}/Target Support Files/Pods-Z-Zone/Pods-Z-Zone-frameworks.sh\"\n";
			showEnvVarsInLog = 0;
		};
/* End PBXShellScriptBuildPhase section */

/* Begin PBXSourcesBuildPhase section */
		25D7B9CC297364BA00C62781 /* Sources */ = {
			isa = PBXSourcesBuildPhase;
			buildActionMask = 2147483647;
			files = (
				25B1377929C54804007BA6D2 /* VerticalAlignLabel.swift in Sources */,
				25EFD6F429BC737500F816B5 /* Array+Additions.swift in Sources */,
				25EFD6F829BC77EC00F816B5 /* NSAttributedString+Additions.swift in Sources */,
				25EFD6EB29BC5DFA00F816B5 /* ContactsClient.swift in Sources */,
				252E474629BABAD500AD12E8 /* ContactsNavigationController.swift in Sources */,
				252E474929BABAFF00AD12E8 /* ContactsViewModel.swift in Sources */,
				25F7BAE229D56693005817D4 /* UIColor+ZColors.swift in Sources */,
				25F7BAE029D5609A005817D4 /* UIFont+ZFonts.swift in Sources */,
				25B1377729C53720007BA6D2 /* CNContact+Additions.swift in Sources */,
				25D7B9DE297364BA00C62781 /* Z_Zone.xcdatamodeld in Sources */,
				252E473C29BAA45B00AD12E8 /* UIViewController+Additions.swift in Sources */,
				252E473929BAA40500AD12E8 /* InfoNavigationController.swift in Sources */,
				25D7B9D8297364BA00C62781 /* ViewController.swift in Sources */,
				25EFD6F029BC6D6C00F816B5 /* ZStyleTableViewCell.swift in Sources */,
				25EFD6F229BC6D8600F816B5 /* RawStyleTableViewCell.swift in Sources */,
				25D7B9D4297364BA00C62781 /* AppDelegate.swift in Sources */,
				25B1377329C51A74007BA6D2 /* ZLogger.swift in Sources */,
				252E474429BABAAF00AD12E8 /* ContactsViewController.swift in Sources */,
				25B1377529C51B78007BA6D2 /* String+Additions.swift in Sources */,
				25D7B9D6297364BA00C62781 /* SceneDelegate.swift in Sources */,
				25EFD6EE29BC687200F816B5 /* ContactModel.swift in Sources */,
				252E473729BAA3B000AD12E8 /* InfoViewController.swift in Sources */,
			);
			runOnlyForDeploymentPostprocessing = 0;
		};
		25D7B9E5297364BD00C62781 /* Sources */ = {
			isa = PBXSourcesBuildPhase;
			buildActionMask = 2147483647;
			files = (
				25D7B9EE297364BD00C62781 /* ContactsViewModelTests.swift in Sources */,
				252E360229C629C7006C101A /* ContactsTestClient.swift in Sources */,
			);
			runOnlyForDeploymentPostprocessing = 0;
		};
		25D7B9EF297364BD00C62781 /* Sources */ = {
			isa = PBXSourcesBuildPhase;
			buildActionMask = 2147483647;
			files = (
				25D7B9F8297364BD00C62781 /* Z_ZoneUITests.swift in Sources */,
				25D7B9FA297364BD00C62781 /* Z_ZoneUITestsLaunchTests.swift in Sources */,
			);
			runOnlyForDeploymentPostprocessing = 0;
		};
/* End PBXSourcesBuildPhase section */

/* Begin PBXTargetDependency section */
		25D7B9EB297364BD00C62781 /* PBXTargetDependency */ = {
			isa = PBXTargetDependency;
			target = 25D7B9CF297364BA00C62781 /* Z-Zone */;
			targetProxy = 25D7B9EA297364BD00C62781 /* PBXContainerItemProxy */;
		};
		25D7B9F5297364BD00C62781 /* PBXTargetDependency */ = {
			isa = PBXTargetDependency;
			target = 25D7B9CF297364BA00C62781 /* Z-Zone */;
			targetProxy = 25D7B9F4297364BD00C62781 /* PBXContainerItemProxy */;
		};
/* End PBXTargetDependency section */

/* Begin PBXVariantGroup section */
		25D7B9E1297364BD00C62781 /* LaunchScreen.storyboard */ = {
			isa = PBXVariantGroup;
			children = (
				25D7B9E2297364BD00C62781 /* Base */,
			);
			name = LaunchScreen.storyboard;
			sourceTree = "<group>";
		};
/* End PBXVariantGroup section */

/* Begin XCBuildConfiguration section */
		25D7B9FB297364BD00C62781 /* Debug */ = {
			isa = XCBuildConfiguration;
			buildSettings = {
				ALWAYS_SEARCH_USER_PATHS = NO;
				CLANG_ANALYZER_NONNULL = YES;
				CLANG_ANALYZER_NUMBER_OBJECT_CONVERSION = YES_AGGRESSIVE;
				CLANG_CXX_LANGUAGE_STANDARD = "gnu++20";
				CLANG_ENABLE_MODULES = YES;
				CLANG_ENABLE_OBJC_ARC = YES;
				CLANG_ENABLE_OBJC_WEAK = YES;
				CLANG_WARN_BLOCK_CAPTURE_AUTORELEASING = YES;
				CLANG_WARN_BOOL_CONVERSION = YES;
				CLANG_WARN_COMMA = YES;
				CLANG_WARN_CONSTANT_CONVERSION = YES;
				CLANG_WARN_DEPRECATED_OBJC_IMPLEMENTATIONS = YES;
				CLANG_WARN_DIRECT_OBJC_ISA_USAGE = YES_ERROR;
				CLANG_WARN_DOCUMENTATION_COMMENTS = YES;
				CLANG_WARN_EMPTY_BODY = YES;
				CLANG_WARN_ENUM_CONVERSION = YES;
				CLANG_WARN_INFINITE_RECURSION = YES;
				CLANG_WARN_INT_CONVERSION = YES;
				CLANG_WARN_NON_LITERAL_NULL_CONVERSION = YES;
				CLANG_WARN_OBJC_IMPLICIT_RETAIN_SELF = YES;
				CLANG_WARN_OBJC_LITERAL_CONVERSION = YES;
				CLANG_WARN_OBJC_ROOT_CLASS = YES_ERROR;
				CLANG_WARN_QUOTED_INCLUDE_IN_FRAMEWORK_HEADER = YES;
				CLANG_WARN_RANGE_LOOP_ANALYSIS = YES;
				CLANG_WARN_STRICT_PROTOTYPES = YES;
				CLANG_WARN_SUSPICIOUS_MOVE = YES;
				CLANG_WARN_UNGUARDED_AVAILABILITY = YES_AGGRESSIVE;
				CLANG_WARN_UNREACHABLE_CODE = YES;
				CLANG_WARN__DUPLICATE_METHOD_MATCH = YES;
				COPY_PHASE_STRIP = NO;
				DEBUG_INFORMATION_FORMAT = dwarf;
				ENABLE_STRICT_OBJC_MSGSEND = YES;
				ENABLE_TESTABILITY = YES;
				GCC_C_LANGUAGE_STANDARD = gnu11;
				GCC_DYNAMIC_NO_PIC = NO;
				GCC_NO_COMMON_BLOCKS = YES;
				GCC_OPTIMIZATION_LEVEL = 0;
				GCC_PREPROCESSOR_DEFINITIONS = (
					"DEBUG=1",
					"$(inherited)",
				);
				GCC_WARN_64_TO_32_BIT_CONVERSION = YES;
				GCC_WARN_ABOUT_RETURN_TYPE = YES_ERROR;
				GCC_WARN_UNDECLARED_SELECTOR = YES;
				GCC_WARN_UNINITIALIZED_AUTOS = YES_AGGRESSIVE;
				GCC_WARN_UNUSED_FUNCTION = YES;
				GCC_WARN_UNUSED_VARIABLE = YES;
				IPHONEOS_DEPLOYMENT_TARGET = 16.2;
				MTL_ENABLE_DEBUG_INFO = INCLUDE_SOURCE;
				MTL_FAST_MATH = YES;
				ONLY_ACTIVE_ARCH = YES;
				SDKROOT = iphoneos;
				SWIFT_ACTIVE_COMPILATION_CONDITIONS = DEBUG;
				SWIFT_OPTIMIZATION_LEVEL = "-Onone";
			};
			name = Debug;
		};
		25D7B9FC297364BD00C62781 /* Release */ = {
			isa = XCBuildConfiguration;
			buildSettings = {
				ALWAYS_SEARCH_USER_PATHS = NO;
				CLANG_ANALYZER_NONNULL = YES;
				CLANG_ANALYZER_NUMBER_OBJECT_CONVERSION = YES_AGGRESSIVE;
				CLANG_CXX_LANGUAGE_STANDARD = "gnu++20";
				CLANG_ENABLE_MODULES = YES;
				CLANG_ENABLE_OBJC_ARC = YES;
				CLANG_ENABLE_OBJC_WEAK = YES;
				CLANG_WARN_BLOCK_CAPTURE_AUTORELEASING = YES;
				CLANG_WARN_BOOL_CONVERSION = YES;
				CLANG_WARN_COMMA = YES;
				CLANG_WARN_CONSTANT_CONVERSION = YES;
				CLANG_WARN_DEPRECATED_OBJC_IMPLEMENTATIONS = YES;
				CLANG_WARN_DIRECT_OBJC_ISA_USAGE = YES_ERROR;
				CLANG_WARN_DOCUMENTATION_COMMENTS = YES;
				CLANG_WARN_EMPTY_BODY = YES;
				CLANG_WARN_ENUM_CONVERSION = YES;
				CLANG_WARN_INFINITE_RECURSION = YES;
				CLANG_WARN_INT_CONVERSION = YES;
				CLANG_WARN_NON_LITERAL_NULL_CONVERSION = YES;
				CLANG_WARN_OBJC_IMPLICIT_RETAIN_SELF = YES;
				CLANG_WARN_OBJC_LITERAL_CONVERSION = YES;
				CLANG_WARN_OBJC_ROOT_CLASS = YES_ERROR;
				CLANG_WARN_QUOTED_INCLUDE_IN_FRAMEWORK_HEADER = YES;
				CLANG_WARN_RANGE_LOOP_ANALYSIS = YES;
				CLANG_WARN_STRICT_PROTOTYPES = YES;
				CLANG_WARN_SUSPICIOUS_MOVE = YES;
				CLANG_WARN_UNGUARDED_AVAILABILITY = YES_AGGRESSIVE;
				CLANG_WARN_UNREACHABLE_CODE = YES;
				CLANG_WARN__DUPLICATE_METHOD_MATCH = YES;
				COPY_PHASE_STRIP = NO;
				DEBUG_INFORMATION_FORMAT = "dwarf-with-dsym";
				ENABLE_NS_ASSERTIONS = NO;
				ENABLE_STRICT_OBJC_MSGSEND = YES;
				GCC_C_LANGUAGE_STANDARD = gnu11;
				GCC_NO_COMMON_BLOCKS = YES;
				GCC_WARN_64_TO_32_BIT_CONVERSION = YES;
				GCC_WARN_ABOUT_RETURN_TYPE = YES_ERROR;
				GCC_WARN_UNDECLARED_SELECTOR = YES;
				GCC_WARN_UNINITIALIZED_AUTOS = YES_AGGRESSIVE;
				GCC_WARN_UNUSED_FUNCTION = YES;
				GCC_WARN_UNUSED_VARIABLE = YES;
				IPHONEOS_DEPLOYMENT_TARGET = 16.2;
				MTL_ENABLE_DEBUG_INFO = NO;
				MTL_FAST_MATH = YES;
				SDKROOT = iphoneos;
				SWIFT_COMPILATION_MODE = wholemodule;
				SWIFT_OPTIMIZATION_LEVEL = "-O";
				VALIDATE_PRODUCT = YES;
			};
			name = Release;
		};
		25D7B9FE297364BD00C62781 /* Debug */ = {
			isa = XCBuildConfiguration;
			baseConfigurationReference = 33FFDA42B31F31A196B8FAF7 /* Pods-Z-Zone.debug.xcconfig */;
			buildSettings = {
				ASSETCATALOG_COMPILER_APPICON_NAME = AppIcon;
				ASSETCATALOG_COMPILER_GLOBAL_ACCENT_COLOR_NAME = AccentColor;
				CODE_SIGN_STYLE = Automatic;
				CURRENT_PROJECT_VERSION = 1;
				DEVELOPMENT_TEAM = VH5PGQFXD9;
				GENERATE_INFOPLIST_FILE = YES;
				INFOPLIST_FILE = "Z-Zone/Info.plist";
				INFOPLIST_KEY_UIApplicationSupportsIndirectInputEvents = YES;
				INFOPLIST_KEY_UILaunchStoryboardName = LaunchScreen;
				INFOPLIST_KEY_UIMainStoryboardFile = Main;
				INFOPLIST_KEY_UISupportedInterfaceOrientations_iPad = "UIInterfaceOrientationPortrait UIInterfaceOrientationPortraitUpsideDown UIInterfaceOrientationLandscapeLeft UIInterfaceOrientationLandscapeRight";
				INFOPLIST_KEY_UISupportedInterfaceOrientations_iPhone = "UIInterfaceOrientationPortrait UIInterfaceOrientationLandscapeLeft UIInterfaceOrientationLandscapeRight";
				LD_RUNPATH_SEARCH_PATHS = (
					"$(inherited)",
					"@executable_path/Frameworks",
				);
				MARKETING_VERSION = 1.0;
				PRODUCT_BUNDLE_IDENTIFIER = "com.marklaramee.Z-Zone";
				PRODUCT_NAME = "$(TARGET_NAME)";
				SWIFT_EMIT_LOC_STRINGS = YES;
				SWIFT_VERSION = 5.0;
				TARGETED_DEVICE_FAMILY = "1,2";
			};
			name = Debug;
		};
		25D7B9FF297364BD00C62781 /* Release */ = {
			isa = XCBuildConfiguration;
			baseConfigurationReference = 5E7C063C87F7103C80C07E56 /* Pods-Z-Zone.release.xcconfig */;
			buildSettings = {
				ASSETCATALOG_COMPILER_APPICON_NAME = AppIcon;
				ASSETCATALOG_COMPILER_GLOBAL_ACCENT_COLOR_NAME = AccentColor;
				CODE_SIGN_STYLE = Automatic;
				CURRENT_PROJECT_VERSION = 1;
				DEVELOPMENT_TEAM = VH5PGQFXD9;
				GENERATE_INFOPLIST_FILE = YES;
				INFOPLIST_FILE = "Z-Zone/Info.plist";
				INFOPLIST_KEY_UIApplicationSupportsIndirectInputEvents = YES;
				INFOPLIST_KEY_UILaunchStoryboardName = LaunchScreen;
				INFOPLIST_KEY_UIMainStoryboardFile = Main;
				INFOPLIST_KEY_UISupportedInterfaceOrientations_iPad = "UIInterfaceOrientationPortrait UIInterfaceOrientationPortraitUpsideDown UIInterfaceOrientationLandscapeLeft UIInterfaceOrientationLandscapeRight";
				INFOPLIST_KEY_UISupportedInterfaceOrientations_iPhone = "UIInterfaceOrientationPortrait UIInterfaceOrientationLandscapeLeft UIInterfaceOrientationLandscapeRight";
				LD_RUNPATH_SEARCH_PATHS = (
					"$(inherited)",
					"@executable_path/Frameworks",
				);
				MARKETING_VERSION = 1.0;
				PRODUCT_BUNDLE_IDENTIFIER = "com.marklaramee.Z-Zone";
				PRODUCT_NAME = "$(TARGET_NAME)";
				SWIFT_EMIT_LOC_STRINGS = YES;
				SWIFT_VERSION = 5.0;
				TARGETED_DEVICE_FAMILY = "1,2";
			};
			name = Release;
		};
		25D7BA01297364BD00C62781 /* Debug */ = {
			isa = XCBuildConfiguration;
			baseConfigurationReference = B8A231812A4C3F8B6AFB6683 /* Pods-Z-ZoneTests.debug.xcconfig */;
			buildSettings = {
				BUNDLE_LOADER = "$(TEST_HOST)";
				CODE_SIGN_STYLE = Automatic;
				CURRENT_PROJECT_VERSION = 1;
				DEVELOPMENT_TEAM = VH5PGQFXD9;
				GENERATE_INFOPLIST_FILE = YES;
				IPHONEOS_DEPLOYMENT_TARGET = 16.2;
				MARKETING_VERSION = 1.0;
				PRODUCT_BUNDLE_IDENTIFIER = "com.marklaramee.Z-ZoneTests";
				PRODUCT_NAME = "$(TARGET_NAME)";
				SWIFT_EMIT_LOC_STRINGS = NO;
				SWIFT_VERSION = 5.0;
				TARGETED_DEVICE_FAMILY = "1,2";
				TEST_HOST = "$(BUILT_PRODUCTS_DIR)/Z-Zone.app/$(BUNDLE_EXECUTABLE_FOLDER_PATH)/Z-Zone";
			};
			name = Debug;
		};
		25D7BA02297364BD00C62781 /* Release */ = {
			isa = XCBuildConfiguration;
			baseConfigurationReference = B21B4FAB6F0DE46244B254F1 /* Pods-Z-ZoneTests.release.xcconfig */;
			buildSettings = {
				BUNDLE_LOADER = "$(TEST_HOST)";
				CODE_SIGN_STYLE = Automatic;
				CURRENT_PROJECT_VERSION = 1;
				DEVELOPMENT_TEAM = VH5PGQFXD9;
				GENERATE_INFOPLIST_FILE = YES;
				IPHONEOS_DEPLOYMENT_TARGET = 16.2;
				MARKETING_VERSION = 1.0;
				PRODUCT_BUNDLE_IDENTIFIER = "com.marklaramee.Z-ZoneTests";
				PRODUCT_NAME = "$(TARGET_NAME)";
				SWIFT_EMIT_LOC_STRINGS = NO;
				SWIFT_VERSION = 5.0;
				TARGETED_DEVICE_FAMILY = "1,2";
				TEST_HOST = "$(BUILT_PRODUCTS_DIR)/Z-Zone.app/$(BUNDLE_EXECUTABLE_FOLDER_PATH)/Z-Zone";
			};
			name = Release;
		};
		25D7BA04297364BD00C62781 /* Debug */ = {
			isa = XCBuildConfiguration;
			buildSettings = {
				ALWAYS_EMBED_SWIFT_STANDARD_LIBRARIES = YES;
				CODE_SIGN_STYLE = Automatic;
				CURRENT_PROJECT_VERSION = 1;
				DEVELOPMENT_TEAM = VH5PGQFXD9;
				GENERATE_INFOPLIST_FILE = YES;
				MARKETING_VERSION = 1.0;
				PRODUCT_BUNDLE_IDENTIFIER = "com.marklaramee.Z-ZoneUITests";
				PRODUCT_NAME = "$(TARGET_NAME)";
				SWIFT_EMIT_LOC_STRINGS = NO;
				SWIFT_VERSION = 5.0;
				TARGETED_DEVICE_FAMILY = "1,2";
				TEST_TARGET_NAME = "Z-Zone";
			};
			name = Debug;
		};
		25D7BA05297364BD00C62781 /* Release */ = {
			isa = XCBuildConfiguration;
			buildSettings = {
				ALWAYS_EMBED_SWIFT_STANDARD_LIBRARIES = YES;
				CODE_SIGN_STYLE = Automatic;
				CURRENT_PROJECT_VERSION = 1;
				DEVELOPMENT_TEAM = VH5PGQFXD9;
				GENERATE_INFOPLIST_FILE = YES;
				MARKETING_VERSION = 1.0;
				PRODUCT_BUNDLE_IDENTIFIER = "com.marklaramee.Z-ZoneUITests";
				PRODUCT_NAME = "$(TARGET_NAME)";
				SWIFT_EMIT_LOC_STRINGS = NO;
				SWIFT_VERSION = 5.0;
				TARGETED_DEVICE_FAMILY = "1,2";
				TEST_TARGET_NAME = "Z-Zone";
			};
			name = Release;
		};
/* End XCBuildConfiguration section */

/* Begin XCConfigurationList section */
		25D7B9CB297364BA00C62781 /* Build configuration list for PBXProject "Z-Zone" */ = {
			isa = XCConfigurationList;
			buildConfigurations = (
				25D7B9FB297364BD00C62781 /* Debug */,
				25D7B9FC297364BD00C62781 /* Release */,
			);
			defaultConfigurationIsVisible = 0;
			defaultConfigurationName = Release;
		};
		25D7B9FD297364BD00C62781 /* Build configuration list for PBXNativeTarget "Z-Zone" */ = {
			isa = XCConfigurationList;
			buildConfigurations = (
				25D7B9FE297364BD00C62781 /* Debug */,
				25D7B9FF297364BD00C62781 /* Release */,
			);
			defaultConfigurationIsVisible = 0;
			defaultConfigurationName = Release;
		};
		25D7BA00297364BD00C62781 /* Build configuration list for PBXNativeTarget "Z-ZoneTests" */ = {
			isa = XCConfigurationList;
			buildConfigurations = (
				25D7BA01297364BD00C62781 /* Debug */,
				25D7BA02297364BD00C62781 /* Release */,
			);
			defaultConfigurationIsVisible = 0;
			defaultConfigurationName = Release;
		};
		25D7BA03297364BD00C62781 /* Build configuration list for PBXNativeTarget "Z-ZoneUITests" */ = {
			isa = XCConfigurationList;
			buildConfigurations = (
				25D7BA04297364BD00C62781 /* Debug */,
				25D7BA05297364BD00C62781 /* Release */,
			);
			defaultConfigurationIsVisible = 0;
			defaultConfigurationName = Release;
		};
/* End XCConfigurationList section */

/* Begin XCVersionGroup section */
		25D7B9DC297364BA00C62781 /* Z_Zone.xcdatamodeld */ = {
			isa = XCVersionGroup;
			children = (
				25D7B9DD297364BA00C62781 /* Z_Zone.xcdatamodel */,
			);
			currentVersion = 25D7B9DD297364BA00C62781 /* Z_Zone.xcdatamodel */;
			path = Z_Zone.xcdatamodeld;
			sourceTree = "<group>";
			versionGroupType = wrapper.xcdatamodel;
		};
/* End XCVersionGroup section */
	};
	rootObject = 25D7B9C8297364BA00C62781 /* Project object */;
}
